// !$*UTF8*$!
{
	archiveVersion = 1;
	classes = {
	};
	objectVersion = 56;
	objects = {

/* Begin PBXBuildFile section */
		6DC4D5BF299F45CD00E2A549 /* RulesViewController.swift in Sources */ = {isa = PBXBuildFile; fileRef = 6DC4D5BE299F45CD00E2A549 /* RulesViewController.swift */; };
		6DC4D5C0299FA14200E2A549 /* Main.storyboard in Resources */ = {isa = PBXBuildFile; fileRef = 6DE7704F299E4C03000ED232 /* Main.storyboard */; };
		6DC4D5C2299FEDEF00E2A549 /* ComputerImageBrain.swift in Sources */ = {isa = PBXBuildFile; fileRef = 6DC4D5C1299FEDEF00E2A549 /* ComputerImageBrain.swift */; };
		6DC4D5C4299FF2CC00E2A549 /* WhoWin.swift in Sources */ = {isa = PBXBuildFile; fileRef = 6DC4D5C3299FF2CC00E2A549 /* WhoWin.swift */; };
		6DE7704A299E4C03000ED232 /* AppDelegate.swift in Sources */ = {isa = PBXBuildFile; fileRef = 6DE77049299E4C03000ED232 /* AppDelegate.swift */; };
		6DE7704C299E4C03000ED232 /* SceneDelegate.swift in Sources */ = {isa = PBXBuildFile; fileRef = 6DE7704B299E4C03000ED232 /* SceneDelegate.swift */; };
		6DE7704E299E4C03000ED232 /* ViewController.swift in Sources */ = {isa = PBXBuildFile; fileRef = 6DE7704D299E4C03000ED232 /* ViewController.swift */; };
		6DE77053299E4C07000ED232 /* Assets.xcassets in Resources */ = {isa = PBXBuildFile; fileRef = 6DE77052299E4C07000ED232 /* Assets.xcassets */; };
		6DE77056299E4C07000ED232 /* LaunchScreen.storyboard in Resources */ = {isa = PBXBuildFile; fileRef = 6DE77054299E4C07000ED232 /* LaunchScreen.storyboard */; };
		6DE77061299E4C08000ED232 /* RockPaperScisorsTests.swift in Sources */ = {isa = PBXBuildFile; fileRef = 6DE77060299E4C08000ED232 /* RockPaperScisorsTests.swift */; };
		6DE7706B299E4C08000ED232 /* RockPaperScisorsUITests.swift in Sources */ = {isa = PBXBuildFile; fileRef = 6DE7706A299E4C08000ED232 /* RockPaperScisorsUITests.swift */; };
		6DE7706D299E4C08000ED232 /* RockPaperScisorsUITestsLaunchTests.swift in Sources */ = {isa = PBXBuildFile; fileRef = 6DE7706C299E4C08000ED232 /* RockPaperScisorsUITestsLaunchTests.swift */; };
/* End PBXBuildFile section */

/* Begin PBXContainerItemProxy section */
		6DE7705D299E4C08000ED232 /* PBXContainerItemProxy */ = {
			isa = PBXContainerItemProxy;
			containerPortal = 6DE7703E299E4C03000ED232 /* Project object */;
			proxyType = 1;
			remoteGlobalIDString = 6DE77045299E4C03000ED232;
			remoteInfo = RockPaperScisors;
		};
		6DE77067299E4C08000ED232 /* PBXContainerItemProxy */ = {
			isa = PBXContainerItemProxy;
			containerPortal = 6DE7703E299E4C03000ED232 /* Project object */;
			proxyType = 1;
			remoteGlobalIDString = 6DE77045299E4C03000ED232;
			remoteInfo = RockPaperScisors;
		};
/* End PBXContainerItemProxy section */

/* Begin PBXFileReference section */
		6DC4D5BE299F45CD00E2A549 /* RulesViewController.swift */ = {isa = PBXFileReference; lastKnownFileType = sourcecode.swift; path = RulesViewController.swift; sourceTree = "<group>"; };
		6DC4D5C1299FEDEF00E2A549 /* ComputerImageBrain.swift */ = {isa = PBXFileReference; lastKnownFileType = sourcecode.swift; path = ComputerImageBrain.swift; sourceTree = "<group>"; };
		6DC4D5C3299FF2CC00E2A549 /* WhoWin.swift */ = {isa = PBXFileReference; lastKnownFileType = sourcecode.swift; path = WhoWin.swift; sourceTree = "<group>"; };
		6DE77046299E4C03000ED232 /* RockPaperScisors.app */ = {isa = PBXFileReference; explicitFileType = wrapper.application; includeInIndex = 0; path = RockPaperScisors.app; sourceTree = BUILT_PRODUCTS_DIR; };
		6DE77049299E4C03000ED232 /* AppDelegate.swift */ = {isa = PBXFileReference; lastKnownFileType = sourcecode.swift; path = AppDelegate.swift; sourceTree = "<group>"; };
		6DE7704B299E4C03000ED232 /* SceneDelegate.swift */ = {isa = PBXFileReference; lastKnownFileType = sourcecode.swift; path = SceneDelegate.swift; sourceTree = "<group>"; };
		6DE7704D299E4C03000ED232 /* ViewController.swift */ = {isa = PBXFileReference; lastKnownFileType = sourcecode.swift; path = ViewController.swift; sourceTree = "<group>"; };
		6DE77050299E4C03000ED232 /* Base */ = {isa = PBXFileReference; lastKnownFileType = file.storyboard; name = Base; path = Base.lproj/Main.storyboard; sourceTree = "<group>"; };
		6DE77052299E4C07000ED232 /* Assets.xcassets */ = {isa = PBXFileReference; lastKnownFileType = folder.assetcatalog; path = Assets.xcassets; sourceTree = "<group>"; };
		6DE77055299E4C07000ED232 /* Base */ = {isa = PBXFileReference; lastKnownFileType = file.storyboard; name = Base; path = Base.lproj/LaunchScreen.storyboard; sourceTree = "<group>"; };
		6DE77057299E4C07000ED232 /* Info.plist */ = {isa = PBXFileReference; lastKnownFileType = text.plist.xml; path = Info.plist; sourceTree = "<group>"; };
		6DE7705C299E4C08000ED232 /* RockPaperScisorsTests.xctest */ = {isa = PBXFileReference; explicitFileType = wrapper.cfbundle; includeInIndex = 0; path = RockPaperScisorsTests.xctest; sourceTree = BUILT_PRODUCTS_DIR; };
		6DE77060299E4C08000ED232 /* RockPaperScisorsTests.swift */ = {isa = PBXFileReference; lastKnownFileType = sourcecode.swift; path = RockPaperScisorsTests.swift; sourceTree = "<group>"; };
		6DE77066299E4C08000ED232 /* RockPaperScisorsUITests.xctest */ = {isa = PBXFileReference; explicitFileType = wrapper.cfbundle; includeInIndex = 0; path = RockPaperScisorsUITests.xctest; sourceTree = BUILT_PRODUCTS_DIR; };
		6DE7706A299E4C08000ED232 /* RockPaperScisorsUITests.swift */ = {isa = PBXFileReference; lastKnownFileType = sourcecode.swift; path = RockPaperScisorsUITests.swift; sourceTree = "<group>"; };
		6DE7706C299E4C08000ED232 /* RockPaperScisorsUITestsLaunchTests.swift */ = {isa = PBXFileReference; lastKnownFileType = sourcecode.swift; path = RockPaperScisorsUITestsLaunchTests.swift; sourceTree = "<group>"; };
/* End PBXFileReference section */

/* Begin PBXFrameworksBuildPhase section */
		6DE77043299E4C03000ED232 /* Frameworks */ = {
			isa = PBXFrameworksBuildPhase;
			buildActionMask = 2147483647;
			files = (
			);
			runOnlyForDeploymentPostprocessing = 0;
		};
		6DE77059299E4C08000ED232 /* Frameworks */ = {
			isa = PBXFrameworksBuildPhase;
			buildActionMask = 2147483647;
			files = (
			);
			runOnlyForDeploymentPostprocessing = 0;
		};
		6DE77063299E4C08000ED232 /* Frameworks */ = {
			isa = PBXFrameworksBuildPhase;
			buildActionMask = 2147483647;
			files = (
			);
			runOnlyForDeploymentPostprocessing = 0;
		};
/* End PBXFrameworksBuildPhase section */

/* Begin PBXGroup section */
		6DC4D5C529A01F2300E2A549 /* Controller */ = {
			isa = PBXGroup;
			children = (
				6DE7704D299E4C03000ED232 /* ViewController.swift */,
				6DC4D5BE299F45CD00E2A549 /* RulesViewController.swift */,
			);
			path = Controller;
			sourceTree = "<group>";
		};
		6DC4D5C629A01F7100E2A549 /* View */ = {
			isa = PBXGroup;
			children = (
				6DE7704F299E4C03000ED232 /* Main.storyboard */,
			);
			path = View;
			sourceTree = "<group>";
		};
		6DC4D5C729A01F8400E2A549 /* Model */ = {
			isa = PBXGroup;
			children = (
				6DC4D5C1299FEDEF00E2A549 /* ComputerImageBrain.swift */,
				6DC4D5C3299FF2CC00E2A549 /* WhoWin.swift */,
			);
			path = Model;
			sourceTree = "<group>";
		};
		6DE7703D299E4C03000ED232 = {
			isa = PBXGroup;
			children = (
				6DE77048299E4C03000ED232 /* RockPaperScisors */,
				6DE7705F299E4C08000ED232 /* RockPaperScisorsTests */,
				6DE77069299E4C08000ED232 /* RockPaperScisorsUITests */,
				6DE77047299E4C03000ED232 /* Products */,
			);
			sourceTree = "<group>";
		};
		6DE77047299E4C03000ED232 /* Products */ = {
			isa = PBXGroup;
			children = (
				6DE77046299E4C03000ED232 /* RockPaperScisors.app */,
				6DE7705C299E4C08000ED232 /* RockPaperScisorsTests.xctest */,
				6DE77066299E4C08000ED232 /* RockPaperScisorsUITests.xctest */,
			);
			name = Products;
			sourceTree = "<group>";
		};
		6DE77048299E4C03000ED232 /* RockPaperScisors */ = {
			isa = PBXGroup;
			children = (
				6DE77049299E4C03000ED232 /* AppDelegate.swift */,
				6DE7704B299E4C03000ED232 /* SceneDelegate.swift */,
				6DC4D5C729A01F8400E2A549 /* Model */,
				6DC4D5C629A01F7100E2A549 /* View */,
				6DC4D5C529A01F2300E2A549 /* Controller */,
				6DE77052299E4C07000ED232 /* Assets.xcassets */,
				6DE77054299E4C07000ED232 /* LaunchScreen.storyboard */,
				6DE77057299E4C07000ED232 /* Info.plist */,
			);
			path = RockPaperScisors;
			sourceTree = "<group>";
		};
		6DE7705F299E4C08000ED232 /* RockPaperScisorsTests */ = {
			isa = PBXGroup;
			children = (
				6DE77060299E4C08000ED232 /* RockPaperScisorsTests.swift */,
			);
			path = RockPaperScisorsTests;
			sourceTree = "<group>";
		};
		6DE77069299E4C08000ED232 /* RockPaperScisorsUITests */ = {
			isa = PBXGroup;
			children = (
				6DE7706A299E4C08000ED232 /* RockPaperScisorsUITests.swift */,
				6DE7706C299E4C08000ED232 /* RockPaperScisorsUITestsLaunchTests.swift */,
			);
			path = RockPaperScisorsUITests;
			sourceTree = "<group>";
		};
/* End PBXGroup section */

/* Begin PBXNativeTarget section */
		6DE77045299E4C03000ED232 /* RockPaperScisors */ = {
			isa = PBXNativeTarget;
			buildConfigurationList = 6DE77070299E4C08000ED232 /* Build configuration list for PBXNativeTarget "RockPaperScisors" */;
			buildPhases = (
				6DE77042299E4C03000ED232 /* Sources */,
				6DE77043299E4C03000ED232 /* Frameworks */,
				6DE77044299E4C03000ED232 /* Resources */,
			);
			buildRules = (
			);
			dependencies = (
			);
			name = RockPaperScisors;
			productName = RockPaperScisors;
			productReference = 6DE77046299E4C03000ED232 /* RockPaperScisors.app */;
			productType = "com.apple.product-type.application";
		};
		6DE7705B299E4C08000ED232 /* RockPaperScisorsTests */ = {
			isa = PBXNativeTarget;
			buildConfigurationList = 6DE77073299E4C08000ED232 /* Build configuration list for PBXNativeTarget "RockPaperScisorsTests" */;
			buildPhases = (
				6DE77058299E4C08000ED232 /* Sources */,
				6DE77059299E4C08000ED232 /* Frameworks */,
				6DE7705A299E4C08000ED232 /* Resources */,
			);
			buildRules = (
			);
			dependencies = (
				6DE7705E299E4C08000ED232 /* PBXTargetDependency */,
			);
			name = RockPaperScisorsTests;
			productName = RockPaperScisorsTests;
			productReference = 6DE7705C299E4C08000ED232 /* RockPaperScisorsTests.xctest */;
			productType = "com.apple.product-type.bundle.unit-test";
		};
		6DE77065299E4C08000ED232 /* RockPaperScisorsUITests */ = {
			isa = PBXNativeTarget;
			buildConfigurationList = 6DE77076299E4C08000ED232 /* Build configuration list for PBXNativeTarget "RockPaperScisorsUITests" */;
			buildPhases = (
				6DE77062299E4C08000ED232 /* Sources */,
				6DE77063299E4C08000ED232 /* Frameworks */,
				6DE77064299E4C08000ED232 /* Resources */,
			);
			buildRules = (
			);
			dependencies = (
				6DE77068299E4C08000ED232 /* PBXTargetDependency */,
			);
			name = RockPaperScisorsUITests;
			productName = RockPaperScisorsUITests;
			productReference = 6DE77066299E4C08000ED232 /* RockPaperScisorsUITests.xctest */;
			productType = "com.apple.product-type.bundle.ui-testing";
		};
/* End PBXNativeTarget section */

/* Begin PBXProject section */
		6DE7703E299E4C03000ED232 /* Project object */ = {
			isa = PBXProject;
			attributes = {
				BuildIndependentTargetsInParallel = 1;
				LastSwiftUpdateCheck = 1410;
				LastUpgradeCheck = 1410;
				TargetAttributes = {
					6DE77045299E4C03000ED232 = {
						CreatedOnToolsVersion = 14.1;
					};
					6DE7705B299E4C08000ED232 = {
						CreatedOnToolsVersion = 14.1;
						TestTargetID = 6DE77045299E4C03000ED232;
					};
					6DE77065299E4C08000ED232 = {
						CreatedOnToolsVersion = 14.1;
						TestTargetID = 6DE77045299E4C03000ED232;
					};
				};
			};
			buildConfigurationList = 6DE77041299E4C03000ED232 /* Build configuration list for PBXProject "RockPaperScisors" */;
			compatibilityVersion = "Xcode 14.0";
			developmentRegion = en;
			hasScannedForEncodings = 0;
			knownRegions = (
				en,
				Base,
			);
			mainGroup = 6DE7703D299E4C03000ED232;
			productRefGroup = 6DE77047299E4C03000ED232 /* Products */;
			projectDirPath = "";
			projectRoot = "";
			targets = (
				6DE77045299E4C03000ED232 /* RockPaperScisors */,
				6DE7705B299E4C08000ED232 /* RockPaperScisorsTests */,
				6DE77065299E4C08000ED232 /* RockPaperScisorsUITests */,
			);
		};
/* End PBXProject section */

/* Begin PBXResourcesBuildPhase section */
		6DE77044299E4C03000ED232 /* Resources */ = {
			isa = PBXResourcesBuildPhase;
			buildActionMask = 2147483647;
			files = (
				6DC4D5C0299FA14200E2A549 /* Main.storyboard in Resources */,
				6DE77056299E4C07000ED232 /* LaunchScreen.storyboard in Resources */,
				6DE77053299E4C07000ED232 /* Assets.xcassets in Resources */,
			);
			runOnlyForDeploymentPostprocessing = 0;
		};
		6DE7705A299E4C08000ED232 /* Resources */ = {
			isa = PBXResourcesBuildPhase;
			buildActionMask = 2147483647;
			files = (
			);
			runOnlyForDeploymentPostprocessing = 0;
		};
		6DE77064299E4C08000ED232 /* Resources */ = {
			isa = PBXResourcesBuildPhase;
			buildActionMask = 2147483647;
			files = (
			);
			runOnlyForDeploymentPostprocessing = 0;
		};
/* End PBXResourcesBuildPhase section */

/* Begin PBXSourcesBuildPhase section */
		6DE77042299E4C03000ED232 /* Sources */ = {
			isa = PBXSourcesBuildPhase;
			buildActionMask = 2147483647;
			files = (
				6DE7704E299E4C03000ED232 /* ViewController.swift in Sources */,
				6DC4D5C4299FF2CC00E2A549 /* WhoWin.swift in Sources */,
				6DE7704A299E4C03000ED232 /* AppDelegate.swift in Sources */,
				6DC4D5C2299FEDEF00E2A549 /* ComputerImageBrain.swift in Sources */,
				6DC4D5BF299F45CD00E2A549 /* RulesViewController.swift in Sources */,
				6DE7704C299E4C03000ED232 /* SceneDelegate.swift in Sources */,
			);
			runOnlyForDeploymentPostprocessing = 0;
		};
		6DE77058299E4C08000ED232 /* Sources */ = {
			isa = PBXSourcesBuildPhase;
			buildActionMask = 2147483647;
			files = (
				6DE77061299E4C08000ED232 /* RockPaperScisorsTests.swift in Sources */,
			);
			runOnlyForDeploymentPostprocessing = 0;
		};
		6DE77062299E4C08000ED232 /* Sources */ = {
			isa = PBXSourcesBuildPhase;
			buildActionMask = 2147483647;
			files = (
				6DE7706B299E4C08000ED232 /* RockPaperScisorsUITests.swift in Sources */,
				6DE7706D299E4C08000ED232 /* RockPaperScisorsUITestsLaunchTests.swift in Sources */,
			);
			runOnlyForDeploymentPostprocessing = 0;
		};
/* End PBXSourcesBuildPhase section */

/* Begin PBXTargetDependency section */
		6DE7705E299E4C08000ED232 /* PBXTargetDependency */ = {
			isa = PBXTargetDependency;
			target = 6DE77045299E4C03000ED232 /* RockPaperScisors */;
			targetProxy = 6DE7705D299E4C08000ED232 /* PBXContainerItemProxy */;
		};
		6DE77068299E4C08000ED232 /* PBXTargetDependency */ = {
			isa = PBXTargetDependency;
			target = 6DE77045299E4C03000ED232 /* RockPaperScisors */;
			targetProxy = 6DE77067299E4C08000ED232 /* PBXContainerItemProxy */;
		};
/* End PBXTargetDependency section */

/* Begin PBXVariantGroup section */
		6DE7704F299E4C03000ED232 /* Main.storyboard */ = {
			isa = PBXVariantGroup;
			children = (
				6DE77050299E4C03000ED232 /* Base */,
			);
			name = Main.storyboard;
			sourceTree = "<group>";
		};
		6DE77054299E4C07000ED232 /* LaunchScreen.storyboard */ = {
			isa = PBXVariantGroup;
			children = (
				6DE77055299E4C07000ED232 /* Base */,
			);
			name = LaunchScreen.storyboard;
			sourceTree = "<group>";
		};
/* End PBXVariantGroup section */

/* Begin XCBuildConfiguration section */
		6DE7706E299E4C08000ED232 /* Debug */ = {
			isa = XCBuildConfiguration;
			buildSettings = {
				ALWAYS_SEARCH_USER_PATHS = NO;
				CLANG_ANALYZER_NONNULL = YES;
				CLANG_ANALYZER_NUMBER_OBJECT_CONVERSION = YES_AGGRESSIVE;
				CLANG_CXX_LANGUAGE_STANDARD = "gnu++20";
				CLANG_ENABLE_MODULES = YES;
				CLANG_ENABLE_OBJC_ARC = YES;
				CLANG_ENABLE_OBJC_WEAK = YES;
				CLANG_WARN_BLOCK_CAPTURE_AUTORELEASING = YES;
				CLANG_WARN_BOOL_CONVERSION = YES;
				CLANG_WARN_COMMA = YES;
				CLANG_WARN_CONSTANT_CONVERSION = YES;
				CLANG_WARN_DEPRECATED_OBJC_IMPLEMENTATIONS = YES;
				CLANG_WARN_DIRECT_OBJC_ISA_USAGE = YES_ERROR;
				CLANG_WARN_DOCUMENTATION_COMMENTS = YES;
				CLANG_WARN_EMPTY_BODY = YES;
				CLANG_WARN_ENUM_CONVERSION = YES;
				CLANG_WARN_INFINITE_RECURSION = YES;
				CLANG_WARN_INT_CONVERSION = YES;
				CLANG_WARN_NON_LITERAL_NULL_CONVERSION = YES;
				CLANG_WARN_OBJC_IMPLICIT_RETAIN_SELF = YES;
				CLANG_WARN_OBJC_LITERAL_CONVERSION = YES;
				CLANG_WARN_OBJC_ROOT_CLASS = YES_ERROR;
				CLANG_WARN_QUOTED_INCLUDE_IN_FRAMEWORK_HEADER = YES;
				CLANG_WARN_RANGE_LOOP_ANALYSIS = YES;
				CLANG_WARN_STRICT_PROTOTYPES = YES;
				CLANG_WARN_SUSPICIOUS_MOVE = YES;
				CLANG_WARN_UNGUARDED_AVAILABILITY = YES_AGGRESSIVE;
				CLANG_WARN_UNREACHABLE_CODE = YES;
				CLANG_WARN__DUPLICATE_METHOD_MATCH = YES;
				COPY_PHASE_STRIP = NO;
				DEBUG_INFORMATION_FORMAT = dwarf;
				ENABLE_STRICT_OBJC_MSGSEND = YES;
				ENABLE_TESTABILITY = YES;
				GCC_C_LANGUAGE_STANDARD = gnu11;
				GCC_DYNAMIC_NO_PIC = NO;
				GCC_NO_COMMON_BLOCKS = YES;
				GCC_OPTIMIZATION_LEVEL = 0;
				GCC_PREPROCESSOR_DEFINITIONS = (
					"DEBUG=1",
					"$(inherited)",
				);
				GCC_WARN_64_TO_32_BIT_CONVERSION = YES;
				GCC_WARN_ABOUT_RETURN_TYPE = YES_ERROR;
				GCC_WARN_UNDECLARED_SELECTOR = YES;
				GCC_WARN_UNINITIALIZED_AUTOS = YES_AGGRESSIVE;
				GCC_WARN_UNUSED_FUNCTION = YES;
				GCC_WARN_UNUSED_VARIABLE = YES;
				IPHONEOS_DEPLOYMENT_TARGET = 16.1;
				MTL_ENABLE_DEBUG_INFO = INCLUDE_SOURCE;
				MTL_FAST_MATH = YES;
				ONLY_ACTIVE_ARCH = YES;
				SDKROOT = iphoneos;
				SWIFT_ACTIVE_COMPILATION_CONDITIONS = DEBUG;
				SWIFT_OPTIMIZATION_LEVEL = "-Onone";
			};
			name = Debug;
		};
		6DE7706F299E4C08000ED232 /* Release */ = {
			isa = XCBuildConfiguration;
			buildSettings = {
				ALWAYS_SEARCH_USER_PATHS = NO;
				CLANG_ANALYZER_NONNULL = YES;
				CLANG_ANALYZER_NUMBER_OBJECT_CONVERSION = YES_AGGRESSIVE;
				CLANG_CXX_LANGUAGE_STANDARD = "gnu++20";
				CLANG_ENABLE_MODULES = YES;
				CLANG_ENABLE_OBJC_ARC = YES;
				CLANG_ENABLE_OBJC_WEAK = YES;
				CLANG_WARN_BLOCK_CAPTURE_AUTORELEASING = YES;
				CLANG_WARN_BOOL_CONVERSION = YES;
				CLANG_WARN_COMMA = YES;
				CLANG_WARN_CONSTANT_CONVERSION = YES;
				CLANG_WARN_DEPRECATED_OBJC_IMPLEMENTATIONS = YES;
				CLANG_WARN_DIRECT_OBJC_ISA_USAGE = YES_ERROR;
				CLANG_WARN_DOCUMENTATION_COMMENTS = YES;
				CLANG_WARN_EMPTY_BODY = YES;
				CLANG_WARN_ENUM_CONVERSION = YES;
				CLANG_WARN_INFINITE_RECURSION = YES;
				CLANG_WARN_INT_CONVERSION = YES;
				CLANG_WARN_NON_LITERAL_NULL_CONVERSION = YES;
				CLANG_WARN_OBJC_IMPLICIT_RETAIN_SELF = YES;
				CLANG_WARN_OBJC_LITERAL_CONVERSION = YES;
				CLANG_WARN_OBJC_ROOT_CLASS = YES_ERROR;
				CLANG_WARN_QUOTED_INCLUDE_IN_FRAMEWORK_HEADER = YES;
				CLANG_WARN_RANGE_LOOP_ANALYSIS = YES;
				CLANG_WARN_STRICT_PROTOTYPES = YES;
				CLANG_WARN_SUSPICIOUS_MOVE = YES;
				CLANG_WARN_UNGUARDED_AVAILABILITY = YES_AGGRESSIVE;
				CLANG_WARN_UNREACHABLE_CODE = YES;
				CLANG_WARN__DUPLICATE_METHOD_MATCH = YES;
				COPY_PHASE_STRIP = NO;
				DEBUG_INFORMATION_FORMAT = "dwarf-with-dsym";
				ENABLE_NS_ASSERTIONS = NO;
				ENABLE_STRICT_OBJC_MSGSEND = YES;
				GCC_C_LANGUAGE_STANDARD = gnu11;
				GCC_NO_COMMON_BLOCKS = YES;
				GCC_WARN_64_TO_32_BIT_CONVERSION = YES;
				GCC_WARN_ABOUT_RETURN_TYPE = YES_ERROR;
				GCC_WARN_UNDECLARED_SELECTOR = YES;
				GCC_WARN_UNINITIALIZED_AUTOS = YES_AGGRESSIVE;
				GCC_WARN_UNUSED_FUNCTION = YES;
				GCC_WARN_UNUSED_VARIABLE = YES;
				IPHONEOS_DEPLOYMENT_TARGET = 16.1;
				MTL_ENABLE_DEBUG_INFO = NO;
				MTL_FAST_MATH = YES;
				SDKROOT = iphoneos;
				SWIFT_COMPILATION_MODE = wholemodule;
				SWIFT_OPTIMIZATION_LEVEL = "-O";
				VALIDATE_PRODUCT = YES;
			};
			name = Release;
		};
		6DE77071299E4C08000ED232 /* Debug */ = {
			isa = XCBuildConfiguration;
			buildSettings = {
				ASSETCATALOG_COMPILER_APPICON_NAME = AppIcon;
				ASSETCATALOG_COMPILER_GLOBAL_ACCENT_COLOR_NAME = AccentColor;
				CODE_SIGN_STYLE = Automatic;
				CURRENT_PROJECT_VERSION = 1;
				GENERATE_INFOPLIST_FILE = YES;
				INFOPLIST_FILE = RockPaperScisors/Info.plist;
				INFOPLIST_KEY_UIApplicationSupportsIndirectInputEvents = YES;
				INFOPLIST_KEY_UILaunchStoryboardName = LaunchScreen;
				INFOPLIST_KEY_UIMainStoryboardFile = Main;
				INFOPLIST_KEY_UISupportedInterfaceOrientations_iPad = "UIInterfaceOrientationPortrait UIInterfaceOrientationPortraitUpsideDown UIInterfaceOrientationLandscapeLeft UIInterfaceOrientationLandscapeRight";
				INFOPLIST_KEY_UISupportedInterfaceOrientations_iPhone = "UIInterfaceOrientationPortrait UIInterfaceOrientationLandscapeLeft UIInterfaceOrientationLandscapeRight";
				LD_RUNPATH_SEARCH_PATHS = (
					"$(inherited)",
					"@executable_path/Frameworks",
				);
				MARKETING_VERSION = 1.0;
				PRODUCT_BUNDLE_IDENTIFIER = com.Aints0a.RockPaperScisors;
				PRODUCT_NAME = "$(TARGET_NAME)";
				SWIFT_EMIT_LOC_STRINGS = YES;
				SWIFT_VERSION = 5.0;
				TARGETED_DEVICE_FAMILY = "1,2";
			};
			name = Debug;
		};
		6DE77072299E4C08000ED232 /* Release */ = {
			isa = XCBuildConfiguration;
			buildSettings = {
				ASSETCATALOG_COMPILER_APPICON_NAME = AppIcon;
				ASSETCATALOG_COMPILER_GLOBAL_ACCENT_COLOR_NAME = AccentColor;
				CODE_SIGN_STYLE = Automatic;
				CURRENT_PROJECT_VERSION = 1;
				GENERATE_INFOPLIST_FILE = YES;
				INFOPLIST_FILE = RockPaperScisors/Info.plist;
				INFOPLIST_KEY_UIApplicationSupportsIndirectInputEvents = YES;
				INFOPLIST_KEY_UILaunchStoryboardName = LaunchScreen;
				INFOPLIST_KEY_UIMainStoryboardFile = Main;
				INFOPLIST_KEY_UISupportedInterfaceOrientations_iPad = "UIInterfaceOrientationPortrait UIInterfaceOrientationPortraitUpsideDown UIInterfaceOrientationLandscapeLeft UIInterfaceOrientationLandscapeRight";
				INFOPLIST_KEY_UISupportedInterfaceOrientations_iPhone = "UIInterfaceOrientationPortrait UIInterfaceOrientationLandscapeLeft UIInterfaceOrientationLandscapeRight";
				LD_RUNPATH_SEARCH_PATHS = (
					"$(inherited)",
					"@executable_path/Frameworks",
				);
				MARKETING_VERSION = 1.0;
				PRODUCT_BUNDLE_IDENTIFIER = com.Aints0a.RockPaperScisors;
				PRODUCT_NAME = "$(TARGET_NAME)";
				SWIFT_EMIT_LOC_STRINGS = YES;
				SWIFT_VERSION = 5.0;
				TARGETED_DEVICE_FAMILY = "1,2";
			};
			name = Release;
		};
		6DE77074299E4C08000ED232 /* Debug */ = {
			isa = XCBuildConfiguration;
			buildSettings = {
				ALWAYS_EMBED_SWIFT_STANDARD_LIBRARIES = YES;
				BUNDLE_LOADER = "$(TEST_HOST)";
				CODE_SIGN_STYLE = Automatic;
				CURRENT_PROJECT_VERSION = 1;
				GENERATE_INFOPLIST_FILE = YES;
				IPHONEOS_DEPLOYMENT_TARGET = 16.1;
				MARKETING_VERSION = 1.0;
				PRODUCT_BUNDLE_IDENTIFIER = com.Aints0a.RockPaperScisorsTests;
				PRODUCT_NAME = "$(TARGET_NAME)";
				SWIFT_EMIT_LOC_STRINGS = NO;
				SWIFT_VERSION = 5.0;
				TARGETED_DEVICE_FAMILY = "1,2";
				TEST_HOST = "$(BUILT_PRODUCTS_DIR)/RockPaperScisors.app/$(BUNDLE_EXECUTABLE_FOLDER_PATH)/RockPaperScisors";
			};
			name = Debug;
		};
		6DE77075299E4C08000ED232 /* Release */ = {
			isa = XCBuildConfiguration;
			buildSettings = {
				ALWAYS_EMBED_SWIFT_STANDARD_LIBRARIES = YES;
				BUNDLE_LOADER = "$(TEST_HOST)";
				CODE_SIGN_STYLE = Automatic;
				CURRENT_PROJECT_VERSION = 1;
				GENERATE_INFOPLIST_FILE = YES;
				IPHONEOS_DEPLOYMENT_TARGET = 16.1;
				MARKETING_VERSION = 1.0;
				PRODUCT_BUNDLE_IDENTIFIER = com.Aints0a.RockPaperScisorsTests;
				PRODUCT_NAME = "$(TARGET_NAME)";
				SWIFT_EMIT_LOC_STRINGS = NO;
				SWIFT_VERSION = 5.0;
				TARGETED_DEVICE_FAMILY = "1,2";
				TEST_HOST = "$(BUILT_PRODUCTS_DIR)/RockPaperScisors.app/$(BUNDLE_EXECUTABLE_FOLDER_PATH)/RockPaperScisors";
			};
			name = Release;
		};
		6DE77077299E4C08000ED232 /* Debug */ = {
			isa = XCBuildConfiguration;
			buildSettings = {
				ALWAYS_EMBED_SWIFT_STANDARD_LIBRARIES = YES;
				CODE_SIGN_STYLE = Automatic;
				CURRENT_PROJECT_VERSION = 1;
				GENERATE_INFOPLIST_FILE = YES;
				MARKETING_VERSION = 1.0;
				PRODUCT_BUNDLE_IDENTIFIER = com.Aints0a.RockPaperScisorsUITests;
				PRODUCT_NAME = "$(TARGET_NAME)";
				SWIFT_EMIT_LOC_STRINGS = NO;
				SWIFT_VERSION = 5.0;
				TARGETED_DEVICE_FAMILY = "1,2";
				TEST_TARGET_NAME = RockPaperScisors;
			};
			name = Debug;
		};
		6DE77078299E4C08000ED232 /* Release */ = {
			isa = XCBuildConfiguration;
			buildSettings = {
				ALWAYS_EMBED_SWIFT_STANDARD_LIBRARIES = YES;
				CODE_SIGN_STYLE = Automatic;
				CURRENT_PROJECT_VERSION = 1;
				GENERATE_INFOPLIST_FILE = YES;
				MARKETING_VERSION = 1.0;
				PRODUCT_BUNDLE_IDENTIFIER = com.Aints0a.RockPaperScisorsUITests;
				PRODUCT_NAME = "$(TARGET_NAME)";
				SWIFT_EMIT_LOC_STRINGS = NO;
				SWIFT_VERSION = 5.0;
				TARGETED_DEVICE_FAMILY = "1,2";
				TEST_TARGET_NAME = RockPaperScisors;
			};
			name = Release;
		};
/* End XCBuildConfiguration section */

/* Begin XCConfigurationList section */
		6DE77041299E4C03000ED232 /* Build configuration list for PBXProject "RockPaperScisors" */ = {
			isa = XCConfigurationList;
			buildConfigurations = (
				6DE7706E299E4C08000ED232 /* Debug */,
				6DE7706F299E4C08000ED232 /* Release */,
			);
			defaultConfigurationIsVisible = 0;
			defaultConfigurationName = Release;
		};
		6DE77070299E4C08000ED232 /* Build configuration list for PBXNativeTarget "RockPaperScisors" */ = {
			isa = XCConfigurationList;
			buildConfigurations = (
				6DE77071299E4C08000ED232 /* Debug */,
				6DE77072299E4C08000ED232 /* Release */,
			);
			defaultConfigurationIsVisible = 0;
			defaultConfigurationName = Release;
		};
		6DE77073299E4C08000ED232 /* Build configuration list for PBXNativeTarget "RockPaperScisorsTests" */ = {
			isa = XCConfigurationList;
			buildConfigurations = (
				6DE77074299E4C08000ED232 /* Debug */,
				6DE77075299E4C08000ED232 /* Release */,
			);
			defaultConfigurationIsVisible = 0;
			defaultConfigurationName = Release;
		};
		6DE77076299E4C08000ED232 /* Build configuration list for PBXNativeTarget "RockPaperScisorsUITests" */ = {
			isa = XCConfigurationList;
			buildConfigurations = (
				6DE77077299E4C08000ED232 /* Debug */,
				6DE77078299E4C08000ED232 /* Release */,
			);
			defaultConfigurationIsVisible = 0;
			defaultConfigurationName = Release;
		};
/* End XCConfigurationList section */
	};
	rootObject = 6DE7703E299E4C03000ED232 /* Project object */;
}
